// !$*UTF8*$!
{
	archiveVersion = 1;
	classes = {
	};
	objectVersion = 77;
	objects = {

/* Begin PBXContainerItemProxy section */
		F75982A22D52F48C000C0C0D /* PBXContainerItemProxy */ = {
			isa = PBXContainerItemProxy;
			containerPortal = F75982852D52F48A000C0C0D /* Project object */;
			proxyType = 1;
			remoteGlobalIDString = F759828C2D52F48A000C0C0D;
			remoteInfo = GitDiffViewer;
		};
		F75982AC2D52F48C000C0C0D /* PBXContainerItemProxy */ = {
			isa = PBXContainerItemProxy;
			containerPortal = F75982852D52F48A000C0C0D /* Project object */;
			proxyType = 1;
			remoteGlobalIDString = F759828C2D52F48A000C0C0D;
			remoteInfo = GitDiffViewer;
		};
/* End PBXContainerItemProxy section */

/* Begin PBXFileReference section */
		F759828D2D52F48A000C0C0D /* GitDiffViewer.app */ = {isa = PBXFileReference; explicitFileType = wrapper.application; includeInIndex = 0; path = GitDiffViewer.app; sourceTree = BUILT_PRODUCTS_DIR; };
		F75982A12D52F48C000C0C0D /* GitDiffViewerTests.xctest */ = {isa = PBXFileReference; explicitFileType = wrapper.cfbundle; includeInIndex = 0; path = GitDiffViewerTests.xctest; sourceTree = BUILT_PRODUCTS_DIR; };
		F75982AB2D52F48C000C0C0D /* GitDiffViewerUITests.xctest */ = {isa = PBXFileReference; explicitFileType = wrapper.cfbundle; includeInIndex = 0; path = GitDiffViewerUITests.xctest; sourceTree = BUILT_PRODUCTS_DIR; };
/* End PBXFileReference section */

/* Begin PBXFileSystemSynchronizedBuildFileExceptionSet section */
		F75982B32D52F48C000C0C0D /* Exceptions for "GitDiffViewer" folder in "GitDiffViewer" target */ = {
			isa = PBXFileSystemSynchronizedBuildFileExceptionSet;
			membershipExceptions = (
				Info.plist,
			);
			target = F759828C2D52F48A000C0C0D /* GitDiffViewer */;
		};
/* End PBXFileSystemSynchronizedBuildFileExceptionSet section */

/* Begin PBXFileSystemSynchronizedRootGroup section */
		F759828F2D52F48A000C0C0D /* GitDiffViewer */ = {
			isa = PBXFileSystemSynchronizedRootGroup;
			exceptions = (
				F75982B32D52F48C000C0C0D /* Exceptions for "GitDiffViewer" folder in "GitDiffViewer" target */,
			);
			path = GitDiffViewer;
			sourceTree = "<group>";
		};
		F75982A42D52F48C000C0C0D /* GitDiffViewerTests */ = {
			isa = PBXFileSystemSynchronizedRootGroup;
			path = GitDiffViewerTests;
			sourceTree = "<group>";
		};
		F75982AE2D52F48C000C0C0D /* GitDiffViewerUITests */ = {
			isa = PBXFileSystemSynchronizedRootGroup;
			path = GitDiffViewerUITests;
			sourceTree = "<group>";
		};
/* End PBXFileSystemSynchronizedRootGroup section */

/* Begin PBXFrameworksBuildPhase section */
		F759828A2D52F48A000C0C0D /* Frameworks */ = {
			isa = PBXFrameworksBuildPhase;
			buildActionMask = 2147483647;
			files = (
			);
			runOnlyForDeploymentPostprocessing = 0;
		};
		F759829E2D52F48C000C0C0D /* Frameworks */ = {
			isa = PBXFrameworksBuildPhase;
			buildActionMask = 2147483647;
			files = (
			);
			runOnlyForDeploymentPostprocessing = 0;
		};
		F75982A82D52F48C000C0C0D /* Frameworks */ = {
			isa = PBXFrameworksBuildPhase;
			buildActionMask = 2147483647;
			files = (
			);
			runOnlyForDeploymentPostprocessing = 0;
		};
/* End PBXFrameworksBuildPhase section */

/* Begin PBXGroup section */
		F75982842D52F48A000C0C0D = {
			isa = PBXGroup;
			children = (
				F759828F2D52F48A000C0C0D /* GitDiffViewer */,
				F75982A42D52F48C000C0C0D /* GitDiffViewerTests */,
				F75982AE2D52F48C000C0C0D /* GitDiffViewerUITests */,
				F75982D02D53240A000C0C0D /* Frameworks */,
				F759828E2D52F48A000C0C0D /* Products */,
			);
			sourceTree = "<group>";
		};
		F759828E2D52F48A000C0C0D /* Products */ = {
			isa = PBXGroup;
			children = (
				F759828D2D52F48A000C0C0D /* GitDiffViewer.app */,
				F75982A12D52F48C000C0C0D /* GitDiffViewerTests.xctest */,
				F75982AB2D52F48C000C0C0D /* GitDiffViewerUITests.xctest */,
			);
			name = Products;
			sourceTree = "<group>";
		};
		F75982D02D53240A000C0C0D /* Frameworks */ = {
			isa = PBXGroup;
			children = (
			);
			name = Frameworks;
			sourceTree = "<group>";
		};
/* End PBXGroup section */

/* Begin PBXNativeTarget section */
		F759828C2D52F48A000C0C0D /* GitDiffViewer */ = {
			isa = PBXNativeTarget;
			buildConfigurationList = F75982B42D52F48C000C0C0D /* Build configuration list for PBXNativeTarget "GitDiffViewer" */;
			buildPhases = (
				F75982892D52F48A000C0C0D /* Sources */,
				F759828A2D52F48A000C0C0D /* Frameworks */,
				F759828B2D52F48A000C0C0D /* Resources */,
			);
			buildRules = (
			);
			dependencies = (
			);
			fileSystemSynchronizedGroups = (
				F759828F2D52F48A000C0C0D /* GitDiffViewer */,
			);
			name = GitDiffViewer;
			packageProductDependencies = (
			);
			productName = GitDiffViewer;
			productReference = F759828D2D52F48A000C0C0D /* GitDiffViewer.app */;
			productType = "com.apple.product-type.application";
		};
		F75982A02D52F48C000C0C0D /* GitDiffViewerTests */ = {
			isa = PBXNativeTarget;
			buildConfigurationList = F75982B92D52F48C000C0C0D /* Build configuration list for PBXNativeTarget "GitDiffViewerTests" */;
			buildPhases = (
				F759829D2D52F48C000C0C0D /* Sources */,
				F759829E2D52F48C000C0C0D /* Frameworks */,
				F759829F2D52F48C000C0C0D /* Resources */,
			);
			buildRules = (
			);
			dependencies = (
				F75982A32D52F48C000C0C0D /* PBXTargetDependency */,
			);
			fileSystemSynchronizedGroups = (
				F75982A42D52F48C000C0C0D /* GitDiffViewerTests */,
			);
			name = GitDiffViewerTests;
			packageProductDependencies = (
			);
			productName = GitDiffViewerTests;
			productReference = F75982A12D52F48C000C0C0D /* GitDiffViewerTests.xctest */;
			productType = "com.apple.product-type.bundle.unit-test";
		};
		F75982AA2D52F48C000C0C0D /* GitDiffViewerUITests */ = {
			isa = PBXNativeTarget;
			buildConfigurationList = F75982BC2D52F48C000C0C0D /* Build configuration list for PBXNativeTarget "GitDiffViewerUITests" */;
			buildPhases = (
				F75982A72D52F48C000C0C0D /* Sources */,
				F75982A82D52F48C000C0C0D /* Frameworks */,
				F75982A92D52F48C000C0C0D /* Resources */,
			);
			buildRules = (
			);
			dependencies = (
				F75982AD2D52F48C000C0C0D /* PBXTargetDependency */,
			);
			fileSystemSynchronizedGroups = (
				F75982AE2D52F48C000C0C0D /* GitDiffViewerUITests */,
			);
			name = GitDiffViewerUITests;
			packageProductDependencies = (
			);
			productName = GitDiffViewerUITests;
			productReference = F75982AB2D52F48C000C0C0D /* GitDiffViewerUITests.xctest */;
			productType = "com.apple.product-type.bundle.ui-testing";
		};
/* End PBXNativeTarget section */

/* Begin PBXProject section */
		F75982852D52F48A000C0C0D /* Project object */ = {
			isa = PBXProject;
			attributes = {
				BuildIndependentTargetsInParallel = 1;
				LastSwiftUpdateCheck = 1620;
				LastUpgradeCheck = 1620;
				TargetAttributes = {
					F759828C2D52F48A000C0C0D = {
						CreatedOnToolsVersion = 16.2;
					};
					F75982A02D52F48C000C0C0D = {
						CreatedOnToolsVersion = 16.2;
						TestTargetID = F759828C2D52F48A000C0C0D;
					};
					F75982AA2D52F48C000C0C0D = {
						CreatedOnToolsVersion = 16.2;
						TestTargetID = F759828C2D52F48A000C0C0D;
					};
				};
			};
			buildConfigurationList = F75982882D52F48A000C0C0D /* Build configuration list for PBXProject "GitDiffViewer" */;
			developmentRegion = en;
			hasScannedForEncodings = 0;
			knownRegions = (
				en,
				Base,
			);
			mainGroup = F75982842D52F48A000C0C0D;
			minimizedProjectReferenceProxies = 1;
			packageReferences = (
			);
			preferredProjectObjectVersion = 77;
			productRefGroup = F759828E2D52F48A000C0C0D /* Products */;
			projectDirPath = "";
			projectRoot = "";
			targets = (
				F759828C2D52F48A000C0C0D /* GitDiffViewer */,
				F75982A02D52F48C000C0C0D /* GitDiffViewerTests */,
				F75982AA2D52F48C000C0C0D /* GitDiffViewerUITests */,
			);
		};
/* End PBXProject section */

/* Begin PBXResourcesBuildPhase section */
		F759828B2D52F48A000C0C0D /* Resources */ = {
			isa = PBXResourcesBuildPhase;
			buildActionMask = 2147483647;
			files = (
			);
			runOnlyForDeploymentPostprocessing = 0;
		};
		F759829F2D52F48C000C0C0D /* Resources */ = {
			isa = PBXResourcesBuildPhase;
			buildActionMask = 2147483647;
			files = (
			);
			runOnlyForDeploymentPostprocessing = 0;
		};
		F75982A92D52F48C000C0C0D /* Resources */ = {
			isa = PBXResourcesBuildPhase;
			buildActionMask = 2147483647;
			files = (
			);
			runOnlyForDeploymentPostprocessing = 0;
		};
/* End PBXResourcesBuildPhase section */

/* Begin PBXSourcesBuildPhase section */
		F75982892D52F48A000C0C0D /* Sources */ = {
			isa = PBXSourcesBuildPhase;
			buildActionMask = 2147483647;
			files = (
			);
			runOnlyForDeploymentPostprocessing = 0;
		};
		F759829D2D52F48C000C0C0D /* Sources */ = {
			isa = PBXSourcesBuildPhase;
			buildActionMask = 2147483647;
			files = (
			);
			runOnlyForDeploymentPostprocessing = 0;
		};
		F75982A72D52F48C000C0C0D /* Sources */ = {
			isa = PBXSourcesBuildPhase;
			buildActionMask = 2147483647;
			files = (
			);
			runOnlyForDeploymentPostprocessing = 0;
		};
/* End PBXSourcesBuildPhase section */

/* Begin PBXTargetDependency section */
		F75982A32D52F48C000C0C0D /* PBXTargetDependency */ = {
			isa = PBXTargetDependency;
			target = F759828C2D52F48A000C0C0D /* GitDiffViewer */;
			targetProxy = F75982A22D52F48C000C0C0D /* PBXContainerItemProxy */;
		};
		F75982AD2D52F48C000C0C0D /* PBXTargetDependency */ = {
			isa = PBXTargetDependency;
			target = F759828C2D52F48A000C0C0D /* GitDiffViewer */;
			targetProxy = F75982AC2D52F48C000C0C0D /* PBXContainerItemProxy */;
		};
/* End PBXTargetDependency section */

/* Begin XCBuildConfiguration section */
		F75982B52D52F48C000C0C0D /* Debug */ = {
			isa = XCBuildConfiguration;
			buildSettings = {
				ASSETCATALOG_COMPILER_APPICON_NAME = AppIcon;
				ASSETCATALOG_COMPILER_GLOBAL_ACCENT_COLOR_NAME = AccentColor;
				CODE_SIGN_ENTITLEMENTS = GitDiffViewer/GitDiffViewer.entitlements;
				CODE_SIGN_STYLE = Automatic;
				COMBINE_HIDPI_IMAGES = YES;
				CURRENT_PROJECT_VERSION = 1;
				DEVELOPMENT_ASSET_PATHS = "\"GitDiffViewer/Preview Content\"";
				DEVELOPMENT_TEAM = "";
				ENABLE_HARDENED_RUNTIME = YES;
				ENABLE_PREVIEWS = YES;
				GENERATE_INFOPLIST_FILE = YES;
				INFOPLIST_FILE = GitDiffViewer/Info.plist;
				INFOPLIST_KEY_NSHumanReadableCopyright = "";
				LD_RUNPATH_SEARCH_PATHS = (
					"$(inherited)",
					"@executable_path/../Frameworks",
				);
				MACOSX_DEPLOYMENT_TARGET = 14.6;
				MARKETING_VERSION = 1.0;
				PRODUCT_BUNDLE_IDENTIFIER = com.apple.GitDiffViewer;
				PRODUCT_NAME = "$(TARGET_NAME)";
				SWIFT_EMIT_LOC_STRINGS = YES;
				SWIFT_VERSION = 5.0;
			};
			name = Debug;
		};
		F75982B62D52F48C000C0C0D /* Release */ = {
			isa = XCBuildConfiguration;
			buildSettings = {
				ASSETCATALOG_COMPILER_APPICON_NAME = AppIcon;
				ASSETCATALOG_COMPILER_GLOBAL_ACCENT_COLOR_NAME = AccentColor;
				CODE_SIGN_ENTITLEMENTS = GitDiffViewer/GitDiffViewer.entitlements;
				CODE_SIGN_STYLE = Automatic;
				COMBINE_HIDPI_IMAGES = YES;
				CURRENT_PROJECT_VERSION = 1;
				DEVELOPMENT_ASSET_PATHS = "\"GitDiffViewer/Preview Content\"";
				DEVELOPMENT_TEAM = "";
				ENABLE_HARDENED_RUNTIME = YES;
				ENABLE_PREVIEWS = YES;
				GENERATE_INFOPLIST_FILE = YES;
				INFOPLIST_FILE = GitDiffViewer/Info.plist;
				INFOPLIST_KEY_NSHumanReadableCopyright = "";
				LD_RUNPATH_SEARCH_PATHS = (
					"$(inherited)",
					"@executable_path/../Frameworks",
				);
				MACOSX_DEPLOYMENT_TARGET = 14.6;
				MARKETING_VERSION = 1.0;
				PRODUCT_BUNDLE_IDENTIFIER = com.apple.GitDiffViewer;
				PRODUCT_NAME = "$(TARGET_NAME)";
				SWIFT_EMIT_LOC_STRINGS = YES;
				SWIFT_VERSION = 5.0;
			};
			name = Release;
		};
		F75982B72D52F48C000C0C0D /* Debug */ = {
			isa = XCBuildConfiguration;
			buildSettings = {
				ALWAYS_SEARCH_USER_PATHS = NO;
				ASSETCATALOG_COMPILER_GENERATE_SWIFT_ASSET_SYMBOL_EXTENSIONS = YES;
				CLANG_ANALYZER_NONNULL = YES;
				CLANG_ANALYZER_NUMBER_OBJECT_CONVERSION = YES_AGGRESSIVE;
				CLANG_CXX_LANGUAGE_STANDARD = "gnu++20";
				CLANG_ENABLE_MODULES = YES;
				CLANG_ENABLE_OBJC_ARC = YES;
				CLANG_ENABLE_OBJC_WEAK = YES;
				CLANG_WARN_BLOCK_CAPTURE_AUTORELEASING = YES;
				CLANG_WARN_BOOL_CONVERSION = YES;
				CLANG_WARN_COMMA = YES;
				CLANG_WARN_CONSTANT_CONVERSION = YES;
				CLANG_WARN_DEPRECATED_OBJC_IMPLEMENTATIONS = YES;
				CLANG_WARN_DIRECT_OBJC_ISA_USAGE = YES_ERROR;
				CLANG_WARN_DOCUMENTATION_COMMENTS = YES;
				CLANG_WARN_EMPTY_BODY = YES;
				CLANG_WARN_ENUM_CONVERSION = YES;
				CLANG_WARN_INFINITE_RECURSION = YES;
				CLANG_WARN_INT_CONVERSION = YES;
				CLANG_WARN_NON_LITERAL_NULL_CONVERSION = YES;
				CLANG_WARN_OBJC_IMPLICIT_RETAIN_SELF = YES;
				CLANG_WARN_OBJC_LITERAL_CONVERSION = YES;
				CLANG_WARN_OBJC_ROOT_CLASS = YES_ERROR;
				CLANG_WARN_QUOTED_INCLUDE_IN_FRAMEWORK_HEADER = YES;
				CLANG_WARN_RANGE_LOOP_ANALYSIS = YES;
				CLANG_WARN_STRICT_PROTOTYPES = YES;
				CLANG_WARN_SUSPICIOUS_MOVE = YES;
				CLANG_WARN_UNGUARDED_AVAILABILITY = YES_AGGRESSIVE;
				CLANG_WARN_UNREACHABLE_CODE = YES;
				CLANG_WARN__DUPLICATE_METHOD_MATCH = YES;
				COPY_PHASE_STRIP = NO;
				DEBUG_INFORMATION_FORMAT = dwarf;
				ENABLE_STRICT_OBJC_MSGSEND = YES;
				ENABLE_TESTABILITY = YES;
				ENABLE_USER_SCRIPT_SANDBOXING = YES;
				GCC_C_LANGUAGE_STANDARD = gnu17;
				GCC_DYNAMIC_NO_PIC = NO;
				GCC_NO_COMMON_BLOCKS = YES;
				GCC_OPTIMIZATION_LEVEL = 0;
				GCC_PREPROCESSOR_DEFINITIONS = (
					"DEBUG=1",
					"$(inherited)",
				);
				GCC_WARN_64_TO_32_BIT_CONVERSION = YES;
				GCC_WARN_ABOUT_RETURN_TYPE = YES_ERROR;
				GCC_WARN_UNDECLARED_SELECTOR = YES;
				GCC_WARN_UNINITIALIZED_AUTOS = YES_AGGRESSIVE;
				GCC_WARN_UNUSED_FUNCTION = YES;
				GCC_WARN_UNUSED_VARIABLE = YES;
				LOCALIZATION_PREFERS_STRING_CATALOGS = YES;
				MACOSX_DEPLOYMENT_TARGET = 15.2;
				MTL_ENABLE_DEBUG_INFO = INCLUDE_SOURCE;
				MTL_FAST_MATH = YES;
				ONLY_ACTIVE_ARCH = YES;
				SDKROOT = macosx;
				SWIFT_ACTIVE_COMPILATION_CONDITIONS = "DEBUG $(inherited)";
				SWIFT_OPTIMIZATION_LEVEL = "-Onone";
			};
			name = Debug;
		};
		F75982B82D52F48C000C0C0D /* Release */ = {
			isa = XCBuildConfiguration;
			buildSettings = {
				ALWAYS_SEARCH_USER_PATHS = NO;
				ASSETCATALOG_COMPILER_GENERATE_SWIFT_ASSET_SYMBOL_EXTENSIONS = YES;
				CLANG_ANALYZER_NONNULL = YES;
				CLANG_ANALYZER_NUMBER_OBJECT_CONVERSION = YES_AGGRESSIVE;
				CLANG_CXX_LANGUAGE_STANDARD = "gnu++20";
				CLANG_ENABLE_MODULES = YES;
				CLANG_ENABLE_OBJC_ARC = YES;
				CLANG_ENABLE_OBJC_WEAK = YES;
				CLANG_WARN_BLOCK_CAPTURE_AUTORELEASING = YES;
				CLANG_WARN_BOOL_CONVERSION = YES;
				CLANG_WARN_COMMA = YES;
				CLANG_WARN_CONSTANT_CONVERSION = YES;
				CLANG_WARN_DEPRECATED_OBJC_IMPLEMENTATIONS = YES;
				CLANG_WARN_DIRECT_OBJC_ISA_USAGE = YES_ERROR;
				CLANG_WARN_DOCUMENTATION_COMMENTS = YES;
				CLANG_WARN_EMPTY_BODY = YES;
				CLANG_WARN_ENUM_CONVERSION = YES;
				CLANG_WARN_INFINITE_RECURSION = YES;
				CLANG_WARN_INT_CONVERSION = YES;
				CLANG_WARN_NON_LITERAL_NULL_CONVERSION = YES;
				CLANG_WARN_OBJC_IMPLICIT_RETAIN_SELF = YES;
				CLANG_WARN_OBJC_LITERAL_CONVERSION = YES;
				CLANG_WARN_OBJC_ROOT_CLASS = YES_ERROR;
				CLANG_WARN_QUOTED_INCLUDE_IN_FRAMEWORK_HEADER = YES;
				CLANG_WARN_RANGE_LOOP_ANALYSIS = YES;
				CLANG_WARN_STRICT_PROTOTYPES = YES;
				CLANG_WARN_SUSPICIOUS_MOVE = YES;
				CLANG_WARN_UNGUARDED_AVAILABILITY = YES_AGGRESSIVE;
				CLANG_WARN_UNREACHABLE_CODE = YES;
				CLANG_WARN__DUPLICATE_METHOD_MATCH = YES;
				COPY_PHASE_STRIP = NO;
				DEBUG_INFORMATION_FORMAT = "dwarf-with-dsym";
				ENABLE_NS_ASSERTIONS = NO;
				ENABLE_STRICT_OBJC_MSGSEND = YES;
				ENABLE_USER_SCRIPT_SANDBOXING = YES;
				GCC_C_LANGUAGE_STANDARD = gnu17;
				GCC_NO_COMMON_BLOCKS = YES;
				GCC_WARN_64_TO_32_BIT_CONVERSION = YES;
				GCC_WARN_ABOUT_RETURN_TYPE = YES_ERROR;
				GCC_WARN_UNDECLARED_SELECTOR = YES;
				GCC_WARN_UNINITIALIZED_AUTOS = YES_AGGRESSIVE;
				GCC_WARN_UNUSED_FUNCTION = YES;
				GCC_WARN_UNUSED_VARIABLE = YES;
				LOCALIZATION_PREFERS_STRING_CATALOGS = YES;
				MACOSX_DEPLOYMENT_TARGET = 15.2;
				MTL_ENABLE_DEBUG_INFO = NO;
				MTL_FAST_MATH = YES;
				SDKROOT = macosx;
				SWIFT_COMPILATION_MODE = wholemodule;
			};
			name = Release;
		};
		F75982BA2D52F48C000C0C0D /* Debug */ = {
			isa = XCBuildConfiguration;
			buildSettings = {
				BUNDLE_LOADER = "$(TEST_HOST)";
				CODE_SIGN_STYLE = Automatic;
				CURRENT_PROJECT_VERSION = 1;
				DEVELOPMENT_TEAM = QDDF7AATS8;
				GENERATE_INFOPLIST_FILE = YES;
				MACOSX_DEPLOYMENT_TARGET = 15.2;
				MARKETING_VERSION = 1.0;
				PRODUCT_BUNDLE_IDENTIFIER = com.apple.GitDiffViewerTests;
				PRODUCT_NAME = "$(TARGET_NAME)";
				SWIFT_EMIT_LOC_STRINGS = NO;
				SWIFT_VERSION = 5.0;
				TEST_HOST = "$(BUILT_PRODUCTS_DIR)/GitDiffViewer.app/$(BUNDLE_EXECUTABLE_FOLDER_PATH)/GitDiffViewer";
			};
			name = Debug;
		};
		F75982BB2D52F48C000C0C0D /* Release */ = {
			isa = XCBuildConfiguration;
			buildSettings = {
				BUNDLE_LOADER = "$(TEST_HOST)";
				CODE_SIGN_STYLE = Automatic;
				CURRENT_PROJECT_VERSION = 1;
				DEVELOPMENT_TEAM = QDDF7AATS8;
				GENERATE_INFOPLIST_FILE = YES;
				MACOSX_DEPLOYMENT_TARGET = 15.2;
				MARKETING_VERSION = 1.0;
				PRODUCT_BUNDLE_IDENTIFIER = com.apple.GitDiffViewerTests;
				PRODUCT_NAME = "$(TARGET_NAME)";
				SWIFT_EMIT_LOC_STRINGS = NO;
				SWIFT_VERSION = 5.0;
				TEST_HOST = "$(BUILT_PRODUCTS_DIR)/GitDiffViewer.app/$(BUNDLE_EXECUTABLE_FOLDER_PATH)/GitDiffViewer";
			};
			name = Release;
		};
		F75982BD2D52F48C000C0C0D /* Debug */ = {
			isa = XCBuildConfiguration;
			buildSettings = {
				CODE_SIGN_STYLE = Automatic;
				CURRENT_PROJECT_VERSION = 1;
				DEVELOPMENT_TEAM = QDDF7AATS8;
				GENERATE_INFOPLIST_FILE = YES;
				MARKETING_VERSION = 1.0;
				PRODUCT_BUNDLE_IDENTIFIER = com.apple.GitDiffViewerUITests;
				PRODUCT_NAME = "$(TARGET_NAME)";
				SWIFT_EMIT_LOC_STRINGS = NO;
				SWIFT_VERSION = 5.0;
				TEST_TARGET_NAME = GitDiffViewer;
			};
			name = Debug;
		};
		F75982BE2D52F48C000C0C0D /* Release */ = {
			isa = XCBuildConfiguration;
			buildSettings = {
				CODE_SIGN_STYLE = Automatic;
				CURRENT_PROJECT_VERSION = 1;
				DEVELOPMENT_TEAM = QDDF7AATS8;
				GENERATE_INFOPLIST_FILE = YES;
				MARKETING_VERSION = 1.0;
				PRODUCT_BUNDLE_IDENTIFIER = com.apple.GitDiffViewerUITests;
				PRODUCT_NAME = "$(TARGET_NAME)";
				SWIFT_EMIT_LOC_STRINGS = NO;
				SWIFT_VERSION = 5.0;
				TEST_TARGET_NAME = GitDiffViewer;
			};
			name = Release;
		};
/* End XCBuildConfiguration section */

/* Begin XCConfigurationList section */
		F75982882D52F48A000C0C0D /* Build configuration list for PBXProject "GitDiffViewer" */ = {
			isa = XCConfigurationList;
			buildConfigurations = (
				F75982B72D52F48C000C0C0D /* Debug */,
				F75982B82D52F48C000C0C0D /* Release */,
			);
			defaultConfigurationIsVisible = 0;
			defaultConfigurationName = Release;
		};
		F75982B42D52F48C000C0C0D /* Build configuration list for PBXNativeTarget "GitDiffViewer" */ = {
			isa = XCConfigurationList;
			buildConfigurations = (
				F75982B52D52F48C000C0C0D /* Debug */,
				F75982B62D52F48C000C0C0D /* Release */,
			);
			defaultConfigurationIsVisible = 0;
			defaultConfigurationName = Release;
		};
		F75982B92D52F48C000C0C0D /* Build configuration list for PBXNativeTarget "GitDiffViewerTests" */ = {
			isa = XCConfigurationList;
			buildConfigurations = (
				F75982BA2D52F48C000C0C0D /* Debug */,
				F75982BB2D52F48C000C0C0D /* Release */,
			);
			defaultConfigurationIsVisible = 0;
			defaultConfigurationName = Release;
		};
		F75982BC2D52F48C000C0C0D /* Build configuration list for PBXNativeTarget "GitDiffViewerUITests" */ = {
			isa = XCConfigurationList;
			buildConfigurations = (
				F75982BD2D52F48C000C0C0D /* Debug */,
				F75982BE2D52F48C000C0C0D /* Release */,
			);
			defaultConfigurationIsVisible = 0;
			defaultConfigurationName = Release;
		};
/* End XCConfigurationList section */
	};
	rootObject = F75982852D52F48A000C0C0D /* Project object */;
}
